{
  "version": "5",
  "specifiers": {
    "jsr:@std/assert@*": "1.0.19",
    "jsr:@std/internal@^1.0.12": "1.0.14"
  },
  "jsr": {
    "@std/assert@1.0.19": {
      "integrity": "eaada96ee120cb980bc47e040f82814d786fe8162ecc53c91d8df60b8755991e",
      "dependencies": [
        "jsr:@std/internal"
      ]
    },
    "@std/internal@1.0.14": {
      "integrity": "291516b3d4c35024d6ffbc0a9df5bf4c64116e05b50012cf846710152d2ffdf7"
    }
  },
  "redirects": {
    "https://esm.sh/@supabase/node-fetch@^2.6.13?target=denonext": "https://esm.sh/@supabase/node-fetch@2.6.15?target=denonext",
    "https://esm.sh/@supabase/node-fetch@^2.6.14?target=denonext": "https://esm.sh/@supabase/node-fetch@2.6.15?target=denonext",
    "https://esm.sh/boolbase@^1.0.0?target=denonext": "https://esm.sh/boolbase@1.0.0?target=denonext",
    "https://esm.sh/cheerio-select@^2.1.0?target=denonext": "https://esm.sh/cheerio-select@2.1.0?target=denonext",
    "https://esm.sh/css-select@^5.1.0?target=denonext": "https://esm.sh/css-select@5.2.2?target=denonext",
    "https://esm.sh/css-what@^6.1.0?target=denonext": "https://esm.sh/css-what@6.2.2?target=denonext",
    "https://esm.sh/dom-serializer@^2.0.0?target=denonext": "https://esm.sh/dom-serializer@2.0.0?target=denonext",
    "https://esm.sh/domelementtype@^2.3.0?target=denonext": "https://esm.sh/domelementtype@2.3.0?target=denonext",
    "https://esm.sh/domhandler@^5.0.3?target=denonext": "https://esm.sh/domhandler@5.0.3?target=denonext",
    "https://esm.sh/domutils@^3.0.1?target=denonext": "https://esm.sh/domutils@3.2.2?target=denonext",
    "https://esm.sh/entities@^4.2.0?target=denonext": "https://esm.sh/entities@4.5.0?target=denonext",
    "https://esm.sh/entities@^4.4.0/lib/decode?target=denonext": "https://esm.sh/entities@4.5.0/lib/decode?target=denonext",
    "https://esm.sh/entities@^6.0.0/decode?target=denonext": "https://esm.sh/entities@6.0.1/decode?target=denonext",
    "https://esm.sh/entities@^6.0.0/escape?target=denonext": "https://esm.sh/entities@6.0.1/escape?target=denonext",
    "https://esm.sh/htmlparser2@^8.0.1?target=denonext": "https://esm.sh/htmlparser2@8.0.2?target=denonext",
    "https://esm.sh/isows@^1.0.7?target=denonext": "https://esm.sh/isows@1.0.7?target=denonext",
    "https://esm.sh/nth-check@^2.0.1?target=denonext": "https://esm.sh/nth-check@2.1.1?target=denonext",
    "https://esm.sh/parse5-htmlparser2-tree-adapter@^7.0.0?target=denonext": "https://esm.sh/parse5-htmlparser2-tree-adapter@7.1.0?target=denonext",
    "https://esm.sh/parse5@^7.0.0?target=denonext": "https://esm.sh/parse5@7.3.0?target=denonext",
    "https://esm.sh/tr46@~0.0.3?target=denonext": "https://esm.sh/tr46@0.0.3?target=denonext",
    "https://esm.sh/webidl-conversions@^3.0.0?target=denonext": "https://esm.sh/webidl-conversions@3.0.1?target=denonext",
    "https://esm.sh/whatwg-url@^5.0.0?target=denonext": "https://esm.sh/whatwg-url@5.0.0?target=denonext"
  },
  "remote": {
    "https://deno.land/std@0.168.0/fmt/colors.ts": "03ad95e543d2808bc43c17a3dd29d25b43d0f16287fe562a0be89bf632454a12",
    "https://deno.land/std@0.168.0/testing/_diff.ts": "a23e7fc2b4d8daa3e158fa06856bedf5334ce2a2831e8bf9e509717f455adb2c",
    "https://deno.land/std@0.168.0/testing/_format.ts": "cd11136e1797791045e639e9f0f4640d5b4166148796cad37e6ef75f7d7f3832",
    "https://deno.land/std@0.168.0/testing/asserts.ts": "51353e79437361d4b02d8e32f3fc83b22231bc8f8d4c841d86fd32b0b0afe940",
    "https://deno.land/std@0.224.0/assert/_constants.ts": "a271e8ef5a573f1df8e822a6eb9d09df064ad66a4390f21b3e31f820a38e0975",
    "https://deno.land/std@0.224.0/assert/assert.ts": "09d30564c09de846855b7b071e62b5974b001bb72a4b797958fe0660e7849834",
    "https://deno.land/std@0.224.0/assert/assert_almost_equals.ts": "9e416114322012c9a21fa68e187637ce2d7df25bcbdbfd957cd639e65d3cf293",
    "https://deno.land/std@0.224.0/assert/assert_array_includes.ts": "14c5094471bc8e4a7895fc6aa5a184300d8a1879606574cb1cd715ef36a4a3c7",
    "https://deno.land/std@0.224.0/assert/assert_equals.ts": "3bbca947d85b9d374a108687b1a8ba3785a7850436b5a8930d81f34a32cb8c74",
    "https://deno.land/std@0.224.0/assert/assert_exists.ts": "43420cf7f956748ae6ed1230646567b3593cb7a36c5a5327269279c870c5ddfd",
    "https://deno.land/std@0.224.0/assert/assert_false.ts": "3e9be8e33275db00d952e9acb0cd29481a44fa0a4af6d37239ff58d79e8edeff",
    "https://deno.land/std@0.224.0/assert/assert_greater.ts": "5e57b201fd51b64ced36c828e3dfd773412c1a6120c1a5a99066c9b261974e46",
    "https://deno.land/std@0.224.0/assert/assert_greater_or_equal.ts": "9870030f997a08361b6f63400273c2fb1856f5db86c0c3852aab2a002e425c5b",
    "https://deno.land/std@0.224.0/assert/assert_instance_of.ts": "e22343c1fdcacfaea8f37784ad782683ec1cf599ae9b1b618954e9c22f376f2c",
    "https://deno.land/std@0.224.0/assert/assert_is_error.ts": "f856b3bc978a7aa6a601f3fec6603491ab6255118afa6baa84b04426dd3cc491",
    "https://deno.land/std@0.224.0/assert/assert_less.ts": "60b61e13a1982865a72726a5fa86c24fad7eb27c3c08b13883fb68882b307f68",
    "https://deno.land/std@0.224.0/assert/assert_less_or_equal.ts": "d2c84e17faba4afe085e6c9123a63395accf4f9e00150db899c46e67420e0ec3",
    "https://deno.land/std@0.224.0/assert/assert_match.ts": "ace1710dd3b2811c391946954234b5da910c5665aed817943d086d4d4871a8b7",
    "https://deno.land/std@0.224.0/assert/assert_not_equals.ts": "78d45dd46133d76ce624b2c6c09392f6110f0df9b73f911d20208a68dee2ef29",
    "https://deno.land/std@0.224.0/assert/assert_not_instance_of.ts": "3434a669b4d20cdcc5359779301a0588f941ffdc2ad68803c31eabdb4890cf7a",
    "https://deno.land/std@0.224.0/assert/assert_not_match.ts": "df30417240aa2d35b1ea44df7e541991348a063d9ee823430e0b58079a72242a",
    "https://deno.land/std@0.224.0/assert/assert_not_strict_equals.ts": "37f73880bd672709373d6dc2c5f148691119bed161f3020fff3548a0496f71b8",
    "https://deno.land/std@0.224.0/assert/assert_object_match.ts": "411450fd194fdaabc0089ae68f916b545a49d7b7e6d0026e84a54c9e7eed2693",
    "https://deno.land/std@0.224.0/assert/assert_rejects.ts": "4bee1d6d565a5b623146a14668da8f9eb1f026a4f338bbf92b37e43e0aa53c31",
    "https://deno.land/std@0.224.0/assert/assert_strict_equals.ts": "b4f45f0fd2e54d9029171876bd0b42dd9ed0efd8f853ab92a3f50127acfa54f5",
    "https://deno.land/std@0.224.0/assert/assert_string_includes.ts": "496b9ecad84deab72c8718735373feb6cdaa071eb91a98206f6f3cb4285e71b8",
    "https://deno.land/std@0.224.0/assert/assert_throws.ts": "c6508b2879d465898dab2798009299867e67c570d7d34c90a2d235e4553906eb",
    "https://deno.land/std@0.224.0/assert/assertion_error.ts": "ba8752bd27ebc51f723702fac2f54d3e94447598f54264a6653d6413738a8917",
    "https://deno.land/std@0.224.0/assert/equal.ts": "bddf07bb5fc718e10bb72d5dc2c36c1ce5a8bdd3b647069b6319e07af181ac47",
    "https://deno.land/std@0.224.0/assert/fail.ts": "0eba674ffb47dff083f02ced76d5130460bff1a9a68c6514ebe0cdea4abadb68",
    "https://deno.land/std@0.224.0/assert/mod.ts": "48b8cb8a619ea0b7958ad7ee9376500fe902284bb36f0e32c598c3dc34cbd6f3",
    "https://deno.land/std@0.224.0/assert/unimplemented.ts": "8c55a5793e9147b4f1ef68cd66496b7d5ba7a9e7ca30c6da070c1a58da723d73",
    "https://deno.land/std@0.224.0/assert/unreachable.ts": "5ae3dbf63ef988615b93eb08d395dda771c96546565f9e521ed86f6510c29e19",
    "https://deno.land/std@0.224.0/fmt/colors.ts": "508563c0659dd7198ba4bbf87e97f654af3c34eb56ba790260f252ad8012e1c5",
    "https://deno.land/std@0.224.0/internal/diff.ts": "6234a4b493ebe65dc67a18a0eb97ef683626a1166a1906232ce186ae9f65f4e6",
    "https://deno.land/std@0.224.0/internal/format.ts": "0a98ee226fd3d43450245b1844b47003419d34d210fa989900861c79820d21c2",
    "https://deno.land/std@0.224.0/internal/mod.ts": "534125398c8e7426183e12dc255bb635d94e06d0f93c60a297723abe69d3b22e",
    "https://esm.sh/@supabase/auth-js@2.70.0/denonext/auth-js.mjs": "51f137a91dc64489abf1a500582918ee5042e1e0b64c167f26a3b6d2f807f43c",
    "https://esm.sh/@supabase/functions-js@2.4.5/denonext/functions-js.mjs": "acfcb4db90c292c335a9dbb5664485f5e0b680533d68e6942abb9387ec7e0d0b",
    "https://esm.sh/@supabase/node-fetch@2.6.15/denonext/node-fetch.mjs": "0bae9052231f4f6dbccc7234d05ea96923dbf967be12f402764580b6bf9f713d",
    "https://esm.sh/@supabase/node-fetch@2.6.15?target=denonext": "4d28c4ad97328403184353f68434f2b6973971507919e9150297413664919cf3",
    "https://esm.sh/@supabase/postgrest-js@1.19.4/denonext/postgrest-js.mjs": "2073b5552ba10c7a8302bffffae771e3aede1daf833382355dae239fb0ab2576",
    "https://esm.sh/@supabase/realtime-js@2.11.15/denonext/realtime-js.mjs": "3b7511415165a1b503eae1dfbc10814ef3d0c1c866c97fdec4f6714bfa34a847",
    "https://esm.sh/@supabase/storage-js@2.7.1/denonext/storage-js.mjs": "73ac8cdc95cfcd794fe603dbd7ce06d539ab51538ae6467eabe0f9cc26c993aa",
    "https://esm.sh/@supabase/supabase-js@2.50.5": "49b6d351ea094bede028a2fe0b2e35a3eb670aa5425f2b3130442ee3e0e985f1",
    "https://esm.sh/@supabase/supabase-js@2.50.5/denonext/supabase-js.mjs": "888381f10cfa14414129f7513be426647c96a87c06ab2f01172cb61bba64a630",
    "https://esm.sh/boolbase@1.0.0/denonext/boolbase.mjs": "70e9521b9532b5e4dc0c807422529b15b4452663dbdb70dff9c7b65d0ff2e3cb",
    "https://esm.sh/boolbase@1.0.0?target=denonext": "5d10bc2e0fb13eedfc6859bffbeb5a6f08679797fa8740c7d821841c2e22945f",
    "https://esm.sh/cheerio-select@2.1.0/denonext/cheerio-select.mjs": "755b7da4011b67a75d1140d76c503cd6929c7213454debf5b6ebc086b73fa9d9",
    "https://esm.sh/cheerio-select@2.1.0?target=denonext": "ae26d1996b4bb1d701cb7095e1c2ed7310e5fe88c3786efc26ceb6168ce1513d",
    "https://esm.sh/cheerio@1.0.0-rc.12": "fce7bbfff7de7d2c635a798ea80e9a8beb5284c394c79d76afbe6d7b9675e7c0",
    "https://esm.sh/cheerio@1.0.0-rc.12/denonext/cheerio.mjs": "b4ca825480bc25536b37570eacb6693d4c6d2371033ff2e5e32ceedc8f01e42f",
    "https://esm.sh/cheerio@1.0.0-rc.12/denonext/lib/esm/load.mjs": "f5493a87fd62b2c4e19185a1e1a3ed93d5b2becfb7b46bfccc9ac16943883821",
    "https://esm.sh/cheerio@1.0.0-rc.12/denonext/lib/esm/options.mjs": "382ade1b80a105b9d83e74f4c87e2cb27ebc0b3304c7b7094443b2f191f7b881",
    "https://esm.sh/cheerio@1.0.0-rc.12/denonext/lib/esm/parse.mjs": "924fbfd7fa9528fb593ee0ad0f678196c076f1f3d733cbbb0a19f718e5796b5f",
    "https://esm.sh/cheerio@1.0.0-rc.12/denonext/lib/esm/static.mjs": "5b6fe5cefd4a13f0692930f81e5a3667ddf45051910bf74276fb584605aacbd7",
    "https://esm.sh/cheerio@1.0.0-rc.12/denonext/lib/esm/types.mjs": "548363e175a73fe23431f9959f0c4e942d9f9f107dbb5a3367f6a4e4f4129beb",
    "https://esm.sh/cheerio@1.0.0-rc.12/denonext/lib/utils.mjs": "53ba8383160d9a7cee7d7c8db9b680ba276c2439f391fc8395b64eac5d5c5a35",
    "https://esm.sh/css-select@5.2.2/denonext/css-select.mjs": "db6e191df366250412483170f6cc25b8416b86b7cbfc85b386de2aa92712924b",
    "https://esm.sh/css-select@5.2.2?target=denonext": "6a1bffb076b7b4260cd1c62d3be28be32fdc7c9260a22f2402f218cb12beb440",
    "https://esm.sh/css-what@6.2.2/denonext/css-what.mjs": "9c9b079c45f30d5392006f8225f9322564898dd23888e9e6740e25955d37e204",
    "https://esm.sh/css-what@6.2.2?target=denonext": "74e16b118fb7045d5c136d4deaa3473627c8d10eb1fd7d0ab29ae5f588bec979",
    "https://esm.sh/dom-serializer@2.0.0/denonext/dom-serializer.mjs": "545028b1d2c25bae5cbfe6930a28a2e4f7f05e1a0d09bbd0f3f5f9a33df8e3bd",
    "https://esm.sh/dom-serializer@2.0.0?target=denonext": "1626b2b8326556ea2816b5f9bf7522bc9581d545fd9ad117c066ab7a5ff1fb89",
    "https://esm.sh/domelementtype@2.3.0/denonext/domelementtype.mjs": "4f3b57348729cd517560139eb1969ca2fe9cc58c5188abe56e7336d5cb557cc0",
    "https://esm.sh/domelementtype@2.3.0?target=denonext": "2beb2a1e3d18892a9b00ef9528811b93f613a77d2b6fb25376ec0f109ac48a4f",
    "https://esm.sh/domhandler@5.0.3/denonext/domhandler.mjs": "3fb258a3d79bc9066a568bb6b09ce946d1fcfa2636a24ae80a4db220956e0873",
    "https://esm.sh/domhandler@5.0.3?target=denonext": "298fde249b7bff9e80667cfe643e7d4b390871b77b0928d086ce4c0b8fc570e2",
    "https://esm.sh/domutils@3.2.2/denonext/domutils.mjs": "f0b4e80e73810ed6f3d8c4e1822feef89208f32c88b6024a84328d02f5f77c40",
    "https://esm.sh/domutils@3.2.2?target=denonext": "7e487176c61dfd1dfdbcfd1195e7329a64f53421511561b69c570a6cff0a6167",
    "https://esm.sh/entities@4.5.0/denonext/entities.mjs": "4a9306e4021ae1079e83b5db26e1678c536fa69c8f2839802bc3cc43282cef08",
    "https://esm.sh/entities@4.5.0/denonext/lib/decode.mjs": "ef22e25f6bca668e40c4f7d4ecaebe2172a833a18372d55b54f997d0d8702dcd",
    "https://esm.sh/entities@4.5.0/denonext/lib/escape.mjs": "116aef78e5ff05efa6f79851b8b59da025ab88f5c25d2262f73df98f4d57c3fa",
    "https://esm.sh/entities@4.5.0/lib/decode?target=denonext": "488bc8401a0c85a76527d61a41352c5371904aeda57a136eb10ccfadcd2f7c8c",
    "https://esm.sh/entities@4.5.0?target=denonext": "f6bc559c07f40e94b3ef50f0b24e2666a2258db3b6697bf4da8fd2fc014ef7a1",
    "https://esm.sh/entities@6.0.1/decode?target=denonext": "3ccc9b5e285ac182223bec6c9e053ff17814f4d27a31b8abafe35d3b684faaa7",
    "https://esm.sh/entities@6.0.1/denonext/decode.mjs": "0e11dc867c49cd73eaa3de858276b02727bf6a3e1e5a84be72722cba08697b7d",
    "https://esm.sh/entities@6.0.1/denonext/escape.mjs": "f23f7faf0499133a54a93a5dc4276f08793b2bb36b539b1bacddcc3b1e746aca",
    "https://esm.sh/entities@6.0.1/escape?target=denonext": "c3df42c65816226666e5a0560e68e3c058a184684488a26b3dedce05eaa329e2",
    "https://esm.sh/htmlparser2@8.0.2/denonext/htmlparser2.mjs": "c0be0f190e625b82e88378875016f820a38d586e9c885d37e3dd2073a4f0fdfb",
    "https://esm.sh/htmlparser2@8.0.2/denonext/lib/esm/Parser.mjs": "d58fb2f87f8fead8e7ac03c544690908b4db21ab0513415b0cfe9311ab31aaa3",
    "https://esm.sh/htmlparser2@8.0.2/denonext/lib/esm/Tokenizer.mjs": "09109e601c7acd75b99c2a34e53e339a46301d9937e1495eaca8f9019a7b3040",
    "https://esm.sh/htmlparser2@8.0.2?target=denonext": "fd3edaa58a00e79f11b3510cc3930c9f5345486cdcc52c0afe24bbb36aece028",
    "https://esm.sh/isows@1.0.7/denonext/isows.mjs": "be1812ebbf28737b43588bbcbd89bf43345e3d58d32be13def331d12361045b4",
    "https://esm.sh/isows@1.0.7?target=denonext": "31b7306eada995ba18e29841d688a42bcc0166caf302e1b183b6d2a7c649f262",
    "https://esm.sh/nth-check@2.1.1/denonext/nth-check.mjs": "2b0541d4564b27c31b37b006329c64036bee04a4c8f14e8357037fd7d35ecfe4",
    "https://esm.sh/nth-check@2.1.1?target=denonext": "689135c5e0e825a2a89058636f1b3a497040597c17de9107c703e9d764d22e25",
    "https://esm.sh/parse5-htmlparser2-tree-adapter@7.1.0/denonext/parse5-htmlparser2-tree-adapter.mjs": "7bfd000e678a20d0648da01bf5a9bc85188b3d10e4e079525324d336d9a4a4a2",
    "https://esm.sh/parse5-htmlparser2-tree-adapter@7.1.0?target=denonext": "c3f6c7adc65cd1bc13b5fb95d1cd40cdb1250d49488c5252156d3fde0947b0e4",
    "https://esm.sh/parse5@7.3.0/denonext/parse5.mjs": "39564d89f13b5d701ac8f869caea8660ada421fcd19ef2234adfd935cf7cf27e",
    "https://esm.sh/parse5@7.3.0?target=denonext": "898a8cf4c02510b1cd0f90c9dffdfe9229f31f2dec425310da4404d472137f2e",
    "https://esm.sh/tr46@0.0.3/denonext/tr46.mjs": "5753ec0a99414f4055f0c1f97691100f13d88e48a8443b00aebb90a512785fa2",
    "https://esm.sh/tr46@0.0.3?target=denonext": "19cb9be0f0d418a0c3abb81f2df31f080e9540a04e43b0f699bce1149cba0cbb",
    "https://esm.sh/webidl-conversions@3.0.1/denonext/webidl-conversions.mjs": "238cd0743827707cbc1c2d7c2cf1027dbc536fb53ec9a3fde0ff8026a3ac5385",
    "https://esm.sh/webidl-conversions@3.0.1?target=denonext": "4e20318d50528084616c79d7b3f6e7f0fe7b6d09013bd01b3974d7448d767e29",
    "https://esm.sh/whatwg-url@5.0.0/denonext/whatwg-url.mjs": "29b16d74ee72624c915745bbd25b617cfd2248c6af0f5120d131e232a9a9af79",
    "https://esm.sh/whatwg-url@5.0.0?target=denonext": "f001a2cadf81312d214ca330033f474e74d81a003e21e8c5d70a1f46dc97b02d"
  },
  "workspace": {
    "packageJson": {
      "dependencies": [
        "npm:@axe-core/playwright@^4.12.1",
        "npm:@bigheads/core@~0.3.3",
        "npm:@cloudflare/workers-types@^5.20260731.1",
        "npm:@dnd-kit/core@^6.3.1",
        "npm:@dnd-kit/sortable@10",
        "npm:@dnd-kit/utilities@^3.2.2",
        "npm:@eslint/js@^10.0.1",
        "npm:@hookform/resolvers@^5.5.7",
        "npm:@playwright/test@^1.62.0",
        "npm:@protomaps/basemaps@^5.7.2",
        "npm:@radix-ui/react-accordion@^1.2.20",
        "npm:@radix-ui/react-alert-dialog@^1.1.23",
        "npm:@radix-ui/react-avatar@^1.2.6",
        "npm:@radix-ui/react-checkbox@^1.3.11",
        "npm:@radix-ui/react-collapsible@^1.1.12",
        "npm:@radix-ui/react-dialog@^1.1.15",
        "npm:@radix-ui/react-dropdown-menu@^2.1.24",
        "npm:@radix-ui/react-hover-card@^1.1.23",
        "npm:@radix-ui/react-label@^2.1.15",
        "npm:@radix-ui/react-popover@^1.1.23",
        "npm:@radix-ui/react-progress@^1.1.16",
        "npm:@radix-ui/react-scroll-area@^1.2.18",
        "npm:@radix-ui/react-select@^2.3.7",
        "npm:@radix-ui/react-slider@^1.4.7",
        "npm:@radix-ui/react-slot@^1.3.3",
        "npm:@radix-ui/react-switch@^1.3.7",
        "npm:@radix-ui/react-tabs@^1.1.21",
        "npm:@radix-ui/react-tooltip@^1.2.16",
        "npm:@sentry/react@^10.68.0",
        "npm:@sentry/vite-plugin@^5.4.0",
        "npm:@simplewebauthn/browser@^13.3.0",
        "npm:@supabase/supabase-js@^2.110.8",
        "npm:@tailwindcss/vite@^4.3.3",
        "npm:@tanstack/react-query@^5.101.4",
        "npm:@tanstack/react-table@^8.21.3",
        "npm:@tanstack/react-virtual@^3.14.8",
        "npm:@testing-library/dom@^10.4.1",
        "npm:@testing-library/jest-dom@7",
        "npm:@testing-library/react@^16.3.2",
        "npm:@tiptap/extension-code-block-lowlight@^3.29.0",
        "npm:@tiptap/extension-color@^3.29.0",
        "npm:@tiptap/extension-highlight@^3.29.0",
        "npm:@tiptap/extension-image@^3.29.0",
        "npm:@tiptap/extension-link@^3.29.0",
        "npm:@tiptap/extension-placeholder@^3.29.0",
        "npm:@tiptap/extension-table-cell@^3.29.0",
        "npm:@tiptap/extension-table-header@^3.29.0",
        "npm:@tiptap/extension-table-row@^3.29.0",
        "npm:@tiptap/extension-table@^3.29.0",
        "npm:@tiptap/extension-text-align@^3.29.0",
        "npm:@tiptap/extension-text-style@^3.29.0",
        "npm:@tiptap/extension-underline@^3.29.0",
        "npm:@tiptap/extension-youtube@^3.29.0",
        "npm:@tiptap/react@^3.29.0",
        "npm:@tiptap/starter-kit@^3.29.0",
        "npm:@types/node@^26.1.1",
        "npm:@types/react-dom@^19.2.3",
        "npm:@types/react@^19.2.17",
        "npm:@vitejs/plugin-react@^6.0.4",
        "npm:@vitest/coverage-v8@4.1.10",
        "npm:@xyflow/react@^12.11.2",
        "npm:@zxcvbn-ts/core@^3.0.4",
        "npm:@zxcvbn-ts/language-common@^3.0.4",
        "npm:@zxcvbn-ts/language-en@^4.1.1",
        "npm:boneyard-js@^1.9.0",
        "npm:brace-expansion@^5.0.8",
        "npm:class-variance-authority@~0.7.1",
        "npm:clsx@^2.1.1",
        "npm:cmdk@^1.1.1",
        "npm:date-fns@^4.4.0",
        "npm:dompurify@^3.4.12",
        "npm:esbuild@~0.28.1",
        "npm:eslint-config-prettier@^10.1.8",
        "npm:eslint-plugin-jsx-a11y@^6.10.2",
        "npm:eslint-plugin-react-hooks@^7.1.1",
        "npm:eslint-plugin-react-refresh@~0.5.3",
        "npm:eslint-plugin-unused-imports@^4.4.1",
        "npm:eslint@^10.8.0",
        "npm:exceljs@^4.4.0",
        "npm:globals@^17.7.0",
        "npm:html-to-image@^1.11.13",
        "npm:husky@^9.1.7",
        "npm:i18next-browser-languagedetector@^8.2.1",
        "npm:i18next-http-backend@4",
        "npm:i18next@^26.3.6",
        "npm:jsdom@^29.1.1",
        "npm:knip@^6.29.0",
        "npm:lint-staged@^17.2.0",
        "npm:lowlight@^3.3.0",
        "npm:lucide-react@^1.27.0",
        "npm:mammoth@^1.12.0",
        "npm:maplibre-gl@^5.24.0",
        "npm:motion@^12.42.2",
        "npm:pdfjs-dist@^6.1.200",
        "npm:postcss@^8.5.23",
        "npm:prettier@^3.9.6",
        "npm:react-day-picker@^10.0.1",
        "npm:react-dom@^19.2.8",
        "npm:react-dropzone@^19.1.1",
        "npm:react-easy-crop@^6.2.3",
        "npm:react-force-graph-2d@^1.29.1",
        "npm:react-hook-form@^7.83.0",
        "npm:react-i18next@^17.0.11",
        "npm:react-is@^19.2.8",
        "npm:react-router@^8.2.0",
        "npm:react@^19.2.8",
        "npm:recharts@^3.10.1",
        "npm:rollup-plugin-visualizer@^7.0.1",
        "npm:sonner@^2.0.7",
        "npm:tailwind-merge@^3.6.0",
        "npm:tailwindcss@^4.3.0",
        "npm:tsx@^4.23.1",
        "npm:typescript-eslint@^8.65.0",
        "npm:typescript@5.9",
        "npm:vite@^8.1.5",
        "npm:vitest@^4.1.10",
        "npm:zod@^4.4.3"
      ],
      "overrides": {
        "picomatch@<2.3.2": "^2.3.2",
        "picomatch@>=4.0.0 <4.0.4": "^4.0.4",
        "yaml@<1.10.3": "^1.10.3",
        "yaml@>=2.0.0 <2.8.3": "^2.8.3",
        "uuid": "^14.0.0",
        "brace-expansion@<1.1.17": "^1.1.17",
        "brace-expansion@>=2.0.0 <2.1.3": "^2.1.3",
        "brace-expansion@>=3.0.0 <5.0.8": "^5.0.8",
        "@babel/core": "^7.29.6",
        "undici": "^7.28.0"
      }
    }
  }
}
