{
  "name": "smtp-relay",
  "version": "0.1.0",
  "lockfileVersion": 3,
  "requires": true,
  "packages": {
    "": {
      "name": "smtp-relay",
      "version": "0.1.0",
      "dependencies": {
        "postal-mime": "^2.7.5",
        "smtp-server": "^3.19.10"
      }
    },
    "node_modules/ipv6-normalize": {
      "version": "1.0.1",
      "resolved": "https://registry.npmjs.org/ipv6-normalize/-/ipv6-normalize-1.0.1.tgz",
      "integrity": "sha512-Bm6H79i01DjgGTCWjUuCjJ6QDo1HB96PT/xCYuyJUP9WFbVDrLSbG4EZCvOCun2rNswZb0c3e4Jt/ws795esHA==",
      "license": "MIT"
    },
    "node_modules/nodemailer": {
      "version": "10.0.3",
      "resolved": "https://registry.npmjs.org/nodemailer/-/nodemailer-10.0.3.tgz",
      "integrity": "sha512-h5c8ypcMoOIh44bIcVROvTDbjRdOJX8AXTkxMht2C92HlSjkG+/8kjoqmNPypfjQaVNaUHWyZ3tqs5I3K91F3g==",
      "license": "MIT-0",
      "engines": {
        "node": ">=20.0.0"
      }
    },
    "node_modules/postal-mime": {
      "version": "2.7.5",
      "resolved": "https://registry.npmjs.org/postal-mime/-/postal-mime-2.7.5.tgz",
      "integrity": "sha512-GNEXKvWFQnbgO5NlrGzVa0FmWzBZ24PersAWErttSg1Hjpf0ATxTwS5DOMGaOpTG6bUh5cTr7xi0jAD942wCJA==",
      "license": "MIT-0"
    },
    "node_modules/punycode.js": {
      "version": "2.3.1",
      "resolved": "https://registry.npmjs.org/punycode.js/-/punycode.js-2.3.1.tgz",
      "integrity": "sha512-uxFIHU0YlHYhDQtV4R9J6a52SLx28BCjT+4ieh7IGbgwVJWO+km431c4yRlREUAsAmt/uMjQUyQHNEPf0M39CA==",
      "license": "MIT",
      "engines": {
        "node": ">=6"
      }
    },
    "node_modules/smtp-server": {
      "version": "3.19.10",
      "resolved": "https://registry.npmjs.org/smtp-server/-/smtp-server-3.19.10.tgz",
      "integrity": "sha512-uN0dx/iwSmsD46Ew4yXuwZF1g7OumBg2GXDykWZ1w7rHVNzrrfxHEg5HmVW2iFGa93QbknS7CLi1p2rlZdacEQ==",
      "license": "MIT-0",
      "dependencies": {
        "ipv6-normalize": "1.0.1",
        "nodemailer": "10.0.3",
        "punycode.js": "2.3.1"
      },
      "engines": {
        "node": ">=20.0.0"
      }
    }
  }
}
